
Microsoft Visual Studio Solution File, Format Version 12.00
# Visual Studio 15
VisualStudioVersion = 15.0.28307.329
MinimumVisualStudioVersion = 10.0.40219.1
Project("{FAE04EC0-301F-11D3-BF4B-00C04F79EFBC}") = "TeknikServis.BLL", "TeknikServis.BLL\TeknikServis.BLL.csproj", "{D0879DBF-40CA-45B2-B6C4-A8AA64AF5D11}"
EndProject
Project("{FAE04EC0-301F-11D3-BF4B-00C04F79EFBC}") = "TeknikServis.DAL", "TeknikServis.DAL\TeknikServis.DAL.csproj", "{A7EF0079-AB1A-49E1-8B18-D950AAC1D40F}"
EndProject
Project("{FAE04EC0-301F-11D3-BF4B-00C04F79EFBC}") = "TeknikServis.Models", "TeknikServis.Entity\TeknikServis.Models.csproj", "{F075A0D4-16DA-4B3D-A391-47489438DBCE}"
EndProject
Project("{FAE04EC0-301F-11D3-BF4B-00C04F79EFBC}") = "TeknikServis.Web.UI", "TeknikServis.Web.UI\TeknikServis.Web.UI.csproj", "{2241CD27-20B9-431B-B47F-63525450FEF2}"
EndProject
Project("{2150E333-8FDC-42A3-9474-1A3956D46DE8}") = "Tema", "Tema", "{9D09DD13-0B4B-470A-AE35-198953D84BEF}"
	ProjectSection(SolutionItems) = preProject
		..\..\..\..\Desktop\Karışık\Themes\Admin tema\html-appui\dist\base_forms_elements.html = ..\..\..\..\Desktop\Karışık\Themes\Admin tema\html-appui\dist\base_forms_elements.html
		..\..\..\..\Desktop\Karışık\Themes\Admin tema\html-appui\dist\base_forms_pickers_select.html = ..\..\..\..\Desktop\Karışık\Themes\Admin tema\html-appui\dist\base_forms_pickers_select.html
		..\..\..\..\Desktop\Karışık\Themes\Admin tema\html-appui\dist\base_forms_samples.html = ..\..\..\..\Desktop\Karışık\Themes\Admin tema\html-appui\dist\base_forms_samples.html
		..\..\..\..\Desktop\Karışık\Themes\Admin tema\html-appui\dist\base_forms_validation.html = ..\..\..\..\Desktop\Karışık\Themes\Admin tema\html-appui\dist\base_forms_validation.html
		..\..\..\..\Desktop\Karışık\Themes\Admin tema\html-appui\dist\base_forms_wizard.html = ..\..\..\..\Desktop\Karışık\Themes\Admin tema\html-appui\dist\base_forms_wizard.html
		..\..\..\..\Desktop\Karışık\Themes\Admin tema\html-appui\dist\base_js_charts_chartjs.html = ..\..\..\..\Desktop\Karışık\Themes\Admin tema\html-appui\dist\base_js_charts_chartjs.html
		..\..\..\..\Desktop\Karışık\Themes\Admin tema\html-appui\dist\base_js_charts_flot.html = ..\..\..\..\Desktop\Karışık\Themes\Admin tema\html-appui\dist\base_js_charts_flot.html
		..\..\..\..\Desktop\Karışık\Themes\Admin tema\html-appui\dist\base_js_charts_sparkline.html = ..\..\..\..\Desktop\Karışık\Themes\Admin tema\html-appui\dist\base_js_charts_sparkline.html
		..\..\..\..\Desktop\Karışık\Themes\Admin tema\html-appui\dist\base_js_draggable.html = ..\..\..\..\Desktop\Karışık\Themes\Admin tema\html-appui\dist\base_js_draggable.html
		..\..\..\..\Desktop\Karışık\Themes\Admin tema\html-appui\dist\base_js_maps.html = ..\..\..\..\Desktop\Karışık\Themes\Admin tema\html-appui\dist\base_js_maps.html
		..\..\..\..\Desktop\Karışık\Themes\Admin tema\html-appui\dist\base_js_sliders.html = ..\..\..\..\Desktop\Karışık\Themes\Admin tema\html-appui\dist\base_js_sliders.html
		..\..\..\..\Desktop\Karışık\Themes\Admin tema\html-appui\dist\base_js_syntax_highlight.html = ..\..\..\..\Desktop\Karışık\Themes\Admin tema\html-appui\dist\base_js_syntax_highlight.html
		..\..\..\..\Desktop\Karışık\Themes\Admin tema\html-appui\dist\base_pages_blank.html = ..\..\..\..\Desktop\Karışık\Themes\Admin tema\html-appui\dist\base_pages_blank.html
		..\..\..\..\Desktop\Karışık\Themes\Admin tema\html-appui\dist\base_pages_inbox.html = ..\..\..\..\Desktop\Karışık\Themes\Admin tema\html-appui\dist\base_pages_inbox.html
		..\..\..\..\Desktop\Karışık\Themes\Admin tema\html-appui\dist\base_pages_invoice.html = ..\..\..\..\Desktop\Karışık\Themes\Admin tema\html-appui\dist\base_pages_invoice.html
		..\..\..\..\Desktop\Karışık\Themes\Admin tema\html-appui\dist\base_pages_profile.html = ..\..\..\..\Desktop\Karışık\Themes\Admin tema\html-appui\dist\base_pages_profile.html
		..\..\..\..\Desktop\Karışık\Themes\Admin tema\html-appui\dist\base_pages_search.html = ..\..\..\..\Desktop\Karışık\Themes\Admin tema\html-appui\dist\base_pages_search.html
		..\..\..\..\Desktop\Karışık\Themes\Admin tema\html-appui\dist\base_tables_datatables.html = ..\..\..\..\Desktop\Karışık\Themes\Admin tema\html-appui\dist\base_tables_datatables.html
		..\..\..\..\Desktop\Karışık\Themes\Admin tema\html-appui\dist\base_tables_pricing.html = ..\..\..\..\Desktop\Karışık\Themes\Admin tema\html-appui\dist\base_tables_pricing.html
		..\..\..\..\Desktop\Karışık\Themes\Admin tema\html-appui\dist\base_tables_responsive.html = ..\..\..\..\Desktop\Karışık\Themes\Admin tema\html-appui\dist\base_tables_responsive.html
		..\..\..\..\Desktop\Karışık\Themes\Admin tema\html-appui\dist\base_tables_styles.html = ..\..\..\..\Desktop\Karışık\Themes\Admin tema\html-appui\dist\base_tables_styles.html
		..\..\..\..\Desktop\Karışık\Themes\Admin tema\html-appui\dist\base_tables_tools.html = ..\..\..\..\Desktop\Karışık\Themes\Admin tema\html-appui\dist\base_tables_tools.html
		..\..\..\..\Desktop\Karışık\Themes\Admin tema\html-appui\dist\base_ui_alerts_notify.html = ..\..\..\..\Desktop\Karışık\Themes\Admin tema\html-appui\dist\base_ui_alerts_notify.html
		..\..\..\..\Desktop\Karışık\Themes\Admin tema\html-appui\dist\base_ui_buttons.html = ..\..\..\..\Desktop\Karışık\Themes\Admin tema\html-appui\dist\base_ui_buttons.html
		..\..\..\..\Desktop\Karışık\Themes\Admin tema\html-appui\dist\base_ui_cards.html = ..\..\..\..\Desktop\Karışık\Themes\Admin tema\html-appui\dist\base_ui_cards.html
		..\..\..\..\Desktop\Karışık\Themes\Admin tema\html-appui\dist\base_ui_cards_api.html = ..\..\..\..\Desktop\Karışık\Themes\Admin tema\html-appui\dist\base_ui_cards_api.html
		..\..\..\..\Desktop\Karışık\Themes\Admin tema\html-appui\dist\base_ui_grid.html = ..\..\..\..\Desktop\Karışık\Themes\Admin tema\html-appui\dist\base_ui_grid.html
		..\..\..\..\Desktop\Karışık\Themes\Admin tema\html-appui\dist\base_ui_icons.html = ..\..\..\..\Desktop\Karışık\Themes\Admin tema\html-appui\dist\base_ui_icons.html
		..\..\..\..\Desktop\Karışık\Themes\Admin tema\html-appui\dist\base_ui_layout.html = ..\..\..\..\Desktop\Karışık\Themes\Admin tema\html-appui\dist\base_ui_layout.html
		..\..\..\..\Desktop\Karışık\Themes\Admin tema\html-appui\dist\base_ui_modals_tooltips.html = ..\..\..\..\Desktop\Karışık\Themes\Admin tema\html-appui\dist\base_ui_modals_tooltips.html
		..\..\..\..\Desktop\Karışık\Themes\Admin tema\html-appui\dist\base_ui_pagination.html = ..\..\..\..\Desktop\Karışık\Themes\Admin tema\html-appui\dist\base_ui_pagination.html
		..\..\..\..\Desktop\Karışık\Themes\Admin tema\html-appui\dist\base_ui_progress.html = ..\..\..\..\Desktop\Karışık\Themes\Admin tema\html-appui\dist\base_ui_progress.html
		..\..\..\..\Desktop\Karışık\Themes\Admin tema\html-appui\dist\base_ui_tabs.html = ..\..\..\..\Desktop\Karışık\Themes\Admin tema\html-appui\dist\base_ui_tabs.html
		..\..\..\..\Desktop\Karışık\Themes\Admin tema\html-appui\dist\base_ui_typography.html = ..\..\..\..\Desktop\Karışık\Themes\Admin tema\html-appui\dist\base_ui_typography.html
		..\..\..\..\Desktop\Karışık\Themes\Admin tema\html-appui\dist\base_ui_widgets.html = ..\..\..\..\Desktop\Karışık\Themes\Admin tema\html-appui\dist\base_ui_widgets.html
		..\..\..\..\Desktop\Karışık\Themes\Admin tema\html-appui\dist\frontend_400.html = ..\..\..\..\Desktop\Karışık\Themes\Admin tema\html-appui\dist\frontend_400.html
		..\..\..\..\Desktop\Karışık\Themes\Admin tema\html-appui\dist\frontend_about.html = ..\..\..\..\Desktop\Karışık\Themes\Admin tema\html-appui\dist\frontend_about.html
		..\..\..\..\Desktop\Karışık\Themes\Admin tema\html-appui\dist\frontend_contact.html = ..\..\..\..\Desktop\Karışık\Themes\Admin tema\html-appui\dist\frontend_contact.html
		..\..\..\..\Desktop\Karışık\Themes\Admin tema\html-appui\dist\frontend_home.html = ..\..\..\..\Desktop\Karışık\Themes\Admin tema\html-appui\dist\frontend_home.html
		..\..\..\..\Desktop\Karışık\Themes\Admin tema\html-appui\dist\frontend_login_signup.html = ..\..\..\..\Desktop\Karışık\Themes\Admin tema\html-appui\dist\frontend_login_signup.html
		..\..\..\..\Desktop\Karışık\Themes\Admin tema\html-appui\dist\frontend_pricing.html = ..\..\..\..\Desktop\Karışık\Themes\Admin tema\html-appui\dist\frontend_pricing.html
		..\..\..\..\Desktop\Karışık\Themes\Admin tema\html-appui\dist\frontend_search.html = ..\..\..\..\Desktop\Karışık\Themes\Admin tema\html-appui\dist\frontend_search.html
		..\..\..\..\Desktop\Karışık\Themes\Admin tema\html-appui\dist\frontend_support.html = ..\..\..\..\Desktop\Karışık\Themes\Admin tema\html-appui\dist\frontend_support.html
		..\..\..\..\Desktop\Karışık\Themes\Admin tema\html-appui\dist\frontend_team.html = ..\..\..\..\Desktop\Karışık\Themes\Admin tema\html-appui\dist\frontend_team.html
		..\..\..\..\Desktop\Karışık\Themes\Admin tema\html-appui\dist\index.html = ..\..\..\..\Desktop\Karışık\Themes\Admin tema\html-appui\dist\index.html
	EndProjectSection
EndProject
Project("{FAE04EC0-301F-11D3-BF4B-00C04F79EFBC}") = "Service.Tema", "Service.Tema\Service.Tema.csproj", "{C0A39319-633B-47D5-9CA3-A18BF5624B62}"
EndProject
Project("{2150E333-8FDC-42A3-9474-1A3956D46DE8}") = "Proje", "Proje", "{BB4A43C5-BFC2-43E8-BD78-7D46124DDDA3}"
EndProject
Global
	GlobalSection(SolutionConfigurationPlatforms) = preSolution
		Debug|Any CPU = Debug|Any CPU
		Release|Any CPU = Release|Any CPU
	EndGlobalSection
	GlobalSection(ProjectConfigurationPlatforms) = postSolution
		{D0879DBF-40CA-45B2-B6C4-A8AA64AF5D11}.Debug|Any CPU.ActiveCfg = Debug|Any CPU
		{D0879DBF-40CA-45B2-B6C4-A8AA64AF5D11}.Debug|Any CPU.Build.0 = Debug|Any CPU
		{D0879DBF-40CA-45B2-B6C4-A8AA64AF5D11}.Release|Any CPU.ActiveCfg = Release|Any CPU
		{D0879DBF-40CA-45B2-B6C4-A8AA64AF5D11}.Release|Any CPU.Build.0 = Release|Any CPU
		{A7EF0079-AB1A-49E1-8B18-D950AAC1D40F}.Debug|Any CPU.ActiveCfg = Debug|Any CPU
		{A7EF0079-AB1A-49E1-8B18-D950AAC1D40F}.Debug|Any CPU.Build.0 = Debug|Any CPU
		{A7EF0079-AB1A-49E1-8B18-D950AAC1D40F}.Release|Any CPU.ActiveCfg = Release|Any CPU
		{A7EF0079-AB1A-49E1-8B18-D950AAC1D40F}.Release|Any CPU.Build.0 = Release|Any CPU
		{F075A0D4-16DA-4B3D-A391-47489438DBCE}.Debug|Any CPU.ActiveCfg = Debug|Any CPU
		{F075A0D4-16DA-4B3D-A391-47489438DBCE}.Debug|Any CPU.Build.0 = Debug|Any CPU
		{F075A0D4-16DA-4B3D-A391-47489438DBCE}.Release|Any CPU.ActiveCfg = Release|Any CPU
		{F075A0D4-16DA-4B3D-A391-47489438DBCE}.Release|Any CPU.Build.0 = Release|Any CPU
		{2241CD27-20B9-431B-B47F-63525450FEF2}.Debug|Any CPU.ActiveCfg = Debug|Any CPU
		{2241CD27-20B9-431B-B47F-63525450FEF2}.Debug|Any CPU.Build.0 = Debug|Any CPU
		{2241CD27-20B9-431B-B47F-63525450FEF2}.Release|Any CPU.ActiveCfg = Release|Any CPU
		{2241CD27-20B9-431B-B47F-63525450FEF2}.Release|Any CPU.Build.0 = Release|Any CPU
		{C0A39319-633B-47D5-9CA3-A18BF5624B62}.Debug|Any CPU.ActiveCfg = Debug|Any CPU
		{C0A39319-633B-47D5-9CA3-A18BF5624B62}.Debug|Any CPU.Build.0 = Debug|Any CPU
		{C0A39319-633B-47D5-9CA3-A18BF5624B62}.Release|Any CPU.ActiveCfg = Release|Any CPU
		{C0A39319-633B-47D5-9CA3-A18BF5624B62}.Release|Any CPU.Build.0 = Release|Any CPU
	EndGlobalSection
	GlobalSection(SolutionProperties) = preSolution
		HideSolutionNode = FALSE
	EndGlobalSection
	GlobalSection(NestedProjects) = preSolution
		{D0879DBF-40CA-45B2-B6C4-A8AA64AF5D11} = {BB4A43C5-BFC2-43E8-BD78-7D46124DDDA3}
		{A7EF0079-AB1A-49E1-8B18-D950AAC1D40F} = {BB4A43C5-BFC2-43E8-BD78-7D46124DDDA3}
		{F075A0D4-16DA-4B3D-A391-47489438DBCE} = {BB4A43C5-BFC2-43E8-BD78-7D46124DDDA3}
		{2241CD27-20B9-431B-B47F-63525450FEF2} = {BB4A43C5-BFC2-43E8-BD78-7D46124DDDA3}
		{C0A39319-633B-47D5-9CA3-A18BF5624B62} = {9D09DD13-0B4B-470A-AE35-198953D84BEF}
	EndGlobalSection
	GlobalSection(ExtensibilityGlobals) = postSolution
		SolutionGuid = {DA3336AD-417C-4FD6-9BD8-6C0A5F6D2894}
	EndGlobalSection
EndGlobal
